
Microsoft Visual Studio Solution File, Format Version 12.00
# Visual Studio Version 17
VisualStudioVersion = 17.5.002.0
MinimumVisualStudioVersion = 10.0.40219.1
Project("{9A19103F-16F7-4668-BE54-9A1E7A4F7556}") = "Moment 1.1 Razor", "Moment 1.1 Razor.csproj", "{A8A052F0-DC93-48BA-A714-3EB03C3A716C}"
EndProject
Global
	GlobalSection(SolutionConfigurationPlatforms) = preSolution
		Debug|Any CPU = Debug|Any CPU
		Release|Any CPU = Release|Any CPU
	EndGlobalSection
	GlobalSection(ProjectConfigurationPlatforms) = postSolution
		{A8A052F0-DC93-48BA-A714-3EB03C3A716C}.Debug|Any CPU.ActiveCfg = Debug|Any CPU
		{A8A052F0-DC93-48BA-A714-3EB03C3A716C}.Debug|Any CPU.Build.0 = Debug|Any CPU
		{A8A052F0-DC93-48BA-A714-3EB03C3A716C}.Release|Any CPU.ActiveCfg = Release|Any CPU
		{A8A052F0-DC93-48BA-A714-3EB03C3A716C}.Release|Any CPU.Build.0 = Release|Any CPU
	EndGlobalSection
	GlobalSection(SolutionProperties) = preSolution
		HideSolutionNode = FALSE
	EndGlobalSection
	GlobalSection(ExtensibilityGlobals) = postSolution
		SolutionGuid = {B3343FB1-E07B-4F0F-9555-BB3F4C7A4C27}
	EndGlobalSection
EndGlobal
